// !$*UTF8*$!
{
	archiveVersion = 1;
	classes = {
	};
	objectVersion = 55;
	objects = {

/* Begin PBXBuildFile section */
		7576B937274E555500576B6B /* AppDelegate.swift in Sources */ = {isa = PBXBuildFile; fileRef = 7576B936274E555500576B6B /* AppDelegate.swift */; };
		7576B939274E555500576B6B /* SceneDelegate.swift in Sources */ = {isa = PBXBuildFile; fileRef = 7576B938274E555500576B6B /* SceneDelegate.swift */; };
		7576B93B274E555500576B6B /* ViewController.swift in Sources */ = {isa = PBXBuildFile; fileRef = 7576B93A274E555500576B6B /* ViewController.swift */; };
		7576B940274E555600576B6B /* Assets.xcassets in Resources */ = {isa = PBXBuildFile; fileRef = 7576B93F274E555600576B6B /* Assets.xcassets */; };
		7576B943274E555600576B6B /* LaunchScreen.storyboard in Resources */ = {isa = PBXBuildFile; fileRef = 7576B941274E555600576B6B /* LaunchScreen.storyboard */; };
		758646FB274EA03200A5B735 /* PromiseKit in Frameworks */ = {isa = PBXBuildFile; productRef = 758646FA274EA03200A5B735 /* PromiseKit */; };
		758646FE274EA03900A5B735 /* Alamofire in Frameworks */ = {isa = PBXBuildFile; productRef = 758646FD274EA03900A5B735 /* Alamofire */; };
		75864702274EA05300A5B735 /* SessionHelpers.swift in Sources */ = {isa = PBXBuildFile; fileRef = 75864701274EA05300A5B735 /* SessionHelpers.swift */; };
		75864704274EA06900A5B735 /* Todo.swift in Sources */ = {isa = PBXBuildFile; fileRef = 75864703274EA06900A5B735 /* Todo.swift */; };
		75864706274EA07F00A5B735 /* ConnectionSettings.swift in Sources */ = {isa = PBXBuildFile; fileRef = 75864705274EA07F00A5B735 /* ConnectionSettings.swift */; };
		75864708274EA09400A5B735 /* APIRouter.swift in Sources */ = {isa = PBXBuildFile; fileRef = 75864707274EA09400A5B735 /* APIRouter.swift */; };
		7586470F274EA1AD00A5B735 /* Main.storyboard in Resources */ = {isa = PBXBuildFile; fileRef = 7586470E274EA1AD00A5B735 /* Main.storyboard */; };
/* End PBXBuildFile section */

/* Begin PBXFileReference section */
		7576B933274E555500576B6B /* NetworkingTemplate.app */ = {isa = PBXFileReference; explicitFileType = wrapper.application; includeInIndex = 0; path = NetworkingTemplate.app; sourceTree = BUILT_PRODUCTS_DIR; };
		7576B936274E555500576B6B /* AppDelegate.swift */ = {isa = PBXFileReference; lastKnownFileType = sourcecode.swift; path = AppDelegate.swift; sourceTree = "<group>"; };
		7576B938274E555500576B6B /* SceneDelegate.swift */ = {isa = PBXFileReference; lastKnownFileType = sourcecode.swift; path = SceneDelegate.swift; sourceTree = "<group>"; };
		7576B93A274E555500576B6B /* ViewController.swift */ = {isa = PBXFileReference; lastKnownFileType = sourcecode.swift; path = ViewController.swift; sourceTree = "<group>"; };
		7576B93F274E555600576B6B /* Assets.xcassets */ = {isa = PBXFileReference; lastKnownFileType = folder.assetcatalog; path = Assets.xcassets; sourceTree = "<group>"; };
		7576B942274E555600576B6B /* Base */ = {isa = PBXFileReference; lastKnownFileType = file.storyboard; name = Base; path = Base.lproj/LaunchScreen.storyboard; sourceTree = "<group>"; };
		7576B944274E555600576B6B /* Info.plist */ = {isa = PBXFileReference; lastKnownFileType = text.plist.xml; path = Info.plist; sourceTree = "<group>"; };
		75864701274EA05300A5B735 /* SessionHelpers.swift */ = {isa = PBXFileReference; lastKnownFileType = sourcecode.swift; path = SessionHelpers.swift; sourceTree = "<group>"; };
		75864703274EA06900A5B735 /* Todo.swift */ = {isa = PBXFileReference; lastKnownFileType = sourcecode.swift; path = Todo.swift; sourceTree = "<group>"; };
		75864705274EA07F00A5B735 /* ConnectionSettings.swift */ = {isa = PBXFileReference; lastKnownFileType = sourcecode.swift; path = ConnectionSettings.swift; sourceTree = "<group>"; };
		75864707274EA09400A5B735 /* APIRouter.swift */ = {isa = PBXFileReference; lastKnownFileType = sourcecode.swift; path = APIRouter.swift; sourceTree = "<group>"; };
		7586470E274EA1AD00A5B735 /* Main.storyboard */ = {isa = PBXFileReference; lastKnownFileType = file.storyboard; path = Main.storyboard; sourceTree = "<group>"; };
/* End PBXFileReference section */

/* Begin PBXFrameworksBuildPhase section */
		7576B930274E555500576B6B /* Frameworks */ = {
			isa = PBXFrameworksBuildPhase;
			buildActionMask = 2147483647;
			files = (
				758646FB274EA03200A5B735 /* PromiseKit in Frameworks */,
				758646FE274EA03900A5B735 /* Alamofire in Frameworks */,
			);
			runOnlyForDeploymentPostprocessing = 0;
		};
/* End PBXFrameworksBuildPhase section */

/* Begin PBXGroup section */
		7576B92A274E555500576B6B = {
			isa = PBXGroup;
			children = (
				7576B935274E555500576B6B /* NetworkingTemplate */,
				7576B934274E555500576B6B /* Products */,
			);
			sourceTree = "<group>";
		};
		7576B934274E555500576B6B /* Products */ = {
			isa = PBXGroup;
			children = (
				7576B933274E555500576B6B /* NetworkingTemplate.app */,
			);
			name = Products;
			sourceTree = "<group>";
		};
		7576B935274E555500576B6B /* NetworkingTemplate */ = {
			isa = PBXGroup;
			children = (
				7576B936274E555500576B6B /* AppDelegate.swift */,
				7576B938274E555500576B6B /* SceneDelegate.swift */,
				7586470A274EA0AD00A5B735 /* Networking */,
				7576B93A274E555500576B6B /* ViewController.swift */,
				7586470E274EA1AD00A5B735 /* Main.storyboard */,
				7576B93F274E555600576B6B /* Assets.xcassets */,
				7576B941274E555600576B6B /* LaunchScreen.storyboard */,
				7576B944274E555600576B6B /* Info.plist */,
			);
			path = NetworkingTemplate;
			sourceTree = "<group>";
		};
		75864709274EA09E00A5B735 /* Model */ = {
			isa = PBXGroup;
			children = (
				75864703274EA06900A5B735 /* Todo.swift */,
			);
			path = Model;
			sourceTree = "<group>";
		};
		7586470A274EA0AD00A5B735 /* Networking */ = {
			isa = PBXGroup;
			children = (
				75864709274EA09E00A5B735 /* Model */,
				75864707274EA09400A5B735 /* APIRouter.swift */,
				75864701274EA05300A5B735 /* SessionHelpers.swift */,
				75864705274EA07F00A5B735 /* ConnectionSettings.swift */,
			);
			path = Networking;
			sourceTree = "<group>";
		};
/* End PBXGroup section */

/* Begin PBXNativeTarget section */
		7576B932274E555500576B6B /* NetworkingTemplate */ = {
			isa = PBXNativeTarget;
			buildConfigurationList = 7576B947274E555600576B6B /* Build configuration list for PBXNativeTarget "NetworkingTemplate" */;
			buildPhases = (
				7576B92F274E555500576B6B /* Sources */,
				7576B930274E555500576B6B /* Frameworks */,
				7576B931274E555500576B6B /* Resources */,
			);
			buildRules = (
			);
			dependencies = (
			);
			name = NetworkingTemplate;
			packageProductDependencies = (
				758646FA274EA03200A5B735 /* PromiseKit */,
				758646FD274EA03900A5B735 /* Alamofire */,
			);
			productName = NetworkingTemplate;
			productReference = 7576B933274E555500576B6B /* NetworkingTemplate.app */;
			productType = "com.apple.product-type.application";
		};
/* End PBXNativeTarget section */

/* Begin PBXProject section */
		7576B92B274E555500576B6B /* Project object */ = {
			isa = PBXProject;
			attributes = {
				BuildIndependentTargetsInParallel = 1;
				LastSwiftUpdateCheck = 1310;
				LastUpgradeCheck = 1310;
				TargetAttributes = {
					7576B932274E555500576B6B = {
						CreatedOnToolsVersion = 13.1;
					};
				};
			};
			buildConfigurationList = 7576B92E274E555500576B6B /* Build configuration list for PBXProject "NetworkingTemplate" */;
			compatibilityVersion = "Xcode 13.0";
			developmentRegion = en;
			hasScannedForEncodings = 0;
			knownRegions = (
				en,
				Base,
			);
			mainGroup = 7576B92A274E555500576B6B;
			packageReferences = (
				758646F9274EA03200A5B735 /* XCRemoteSwiftPackageReference "PromiseKit" */,
				758646FC274EA03900A5B735 /* XCRemoteSwiftPackageReference "Alamofire" */,
			);
			productRefGroup = 7576B934274E555500576B6B /* Products */;
			projectDirPath = "";
			projectRoot = "";
			targets = (
				7576B932274E555500576B6B /* NetworkingTemplate */,
			);
		};
/* End PBXProject section */

/* Begin PBXResourcesBuildPhase section */
		7576B931274E555500576B6B /* Resources */ = {
			isa = PBXResourcesBuildPhase;
			buildActionMask = 2147483647;
			files = (
				7576B943274E555600576B6B /* LaunchScreen.storyboard in Resources */,
				7586470F274EA1AD00A5B735 /* Main.storyboard in Resources */,
				7576B940274E555600576B6B /* Assets.xcassets in Resources */,
			);
			runOnlyForDeploymentPostprocessing = 0;
		};
/* End PBXResourcesBuildPhase section */

/* Begin PBXSourcesBuildPhase section */
		7576B92F274E555500576B6B /* Sources */ = {
			isa = PBXSourcesBuildPhase;
			buildActionMask = 2147483647;
			files = (
				75864708274EA09400A5B735 /* APIRouter.swift in Sources */,
				7576B93B274E555500576B6B /* ViewController.swift in Sources */,
				7576B937274E555500576B6B /* AppDelegate.swift in Sources */,
				75864706274EA07F00A5B735 /* ConnectionSettings.swift in Sources */,
				75864702274EA05300A5B735 /* SessionHelpers.swift in Sources */,
				7576B939274E555500576B6B /* SceneDelegate.swift in Sources */,
				75864704274EA06900A5B735 /* Todo.swift in Sources */,
			);
			runOnlyForDeploymentPostprocessing = 0;
		};
/* End PBXSourcesBuildPhase section */

/* Begin PBXVariantGroup section */
		7576B941274E555600576B6B /* LaunchScreen.storyboard */ = {
			isa = PBXVariantGroup;
			children = (
				7576B942274E555600576B6B /* Base */,
			);
			name = LaunchScreen.storyboard;
			sourceTree = "<group>";
		};
/* End PBXVariantGroup section */

/* Begin XCBuildConfiguration section */
		7576B945274E555600576B6B /* Debug */ = {
			isa = XCBuildConfiguration;
			buildSettings = {
				ALWAYS_SEARCH_USER_PATHS = NO;
				CLANG_ANALYZER_NONNULL = YES;
				CLANG_ANALYZER_NUMBER_OBJECT_CONVERSION = YES_AGGRESSIVE;
				CLANG_CXX_LANGUAGE_STANDARD = "gnu++17";
				CLANG_CXX_LIBRARY = "libc++";
				CLANG_ENABLE_MODULES = YES;
				CLANG_ENABLE_OBJC_ARC = YES;
				CLANG_ENABLE_OBJC_WEAK = YES;
				CLANG_WARN_BLOCK_CAPTURE_AUTORELEASING = YES;
				CLANG_WARN_BOOL_CONVERSION = YES;
				CLANG_WARN_COMMA = YES;
				CLANG_WARN_CONSTANT_CONVERSION = YES;
				CLANG_WARN_DEPRECATED_OBJC_IMPLEMENTATIONS = YES;
				CLANG_WARN_DIRECT_OBJC_ISA_USAGE = YES_ERROR;
				CLANG_WARN_DOCUMENTATION_COMMENTS = YES;
				CLANG_WARN_EMPTY_BODY = YES;
				CLANG_WARN_ENUM_CONVERSION = YES;
				CLANG_WARN_INFINITE_RECURSION = YES;
				CLANG_WARN_INT_CONVERSION = YES;
				CLANG_WARN_NON_LITERAL_NULL_CONVERSION = YES;
				CLANG_WARN_OBJC_IMPLICIT_RETAIN_SELF = YES;
				CLANG_WARN_OBJC_LITERAL_CONVERSION = YES;
				CLANG_WARN_OBJC_ROOT_CLASS = YES_ERROR;
				CLANG_WARN_QUOTED_INCLUDE_IN_FRAMEWORK_HEADER = YES;
				CLANG_WARN_RANGE_LOOP_ANALYSIS = YES;
				CLANG_WARN_STRICT_PROTOTYPES = YES;
				CLANG_WARN_SUSPICIOUS_MOVE = YES;
				CLANG_WARN_UNGUARDED_AVAILABILITY = YES_AGGRESSIVE;
				CLANG_WARN_UNREACHABLE_CODE = YES;
				CLANG_WARN__DUPLICATE_METHOD_MATCH = YES;
				COPY_PHASE_STRIP = NO;
				DEBUG_INFORMATION_FORMAT = dwarf;
				ENABLE_STRICT_OBJC_MSGSEND = YES;
				ENABLE_TESTABILITY = YES;
				GCC_C_LANGUAGE_STANDARD = gnu11;
				GCC_DYNAMIC_NO_PIC = NO;
				GCC_NO_COMMON_BLOCKS = YES;
				GCC_OPTIMIZATION_LEVEL = 0;
				GCC_PREPROCESSOR_DEFINITIONS = (
					"DEBUG=1",
					"$(inherited)",
				);
				GCC_WARN_64_TO_32_BIT_CONVERSION = YES;
				GCC_WARN_ABOUT_RETURN_TYPE = YES_ERROR;
				GCC_WARN_UNDECLARED_SELECTOR = YES;
				GCC_WARN_UNINITIALIZED_AUTOS = YES_AGGRESSIVE;
				GCC_WARN_UNUSED_FUNCTION = YES;
				GCC_WARN_UNUSED_VARIABLE = YES;
				IPHONEOS_DEPLOYMENT_TARGET = 15.0;
				MTL_ENABLE_DEBUG_INFO = INCLUDE_SOURCE;
				MTL_FAST_MATH = YES;
				ONLY_ACTIVE_ARCH = YES;
				SDKROOT = iphoneos;
				SWIFT_ACTIVE_COMPILATION_CONDITIONS = DEBUG;
				SWIFT_OPTIMIZATION_LEVEL = "-Onone";
			};
			name = Debug;
		};
		7576B946274E555600576B6B /* Release */ = {
			isa = XCBuildConfiguration;
			buildSettings = {
				ALWAYS_SEARCH_USER_PATHS = NO;
				CLANG_ANALYZER_NONNULL = YES;
				CLANG_ANALYZER_NUMBER_OBJECT_CONVERSION = YES_AGGRESSIVE;
				CLANG_CXX_LANGUAGE_STANDARD = "gnu++17";
				CLANG_CXX_LIBRARY = "libc++";
				CLANG_ENABLE_MODULES = YES;
				CLANG_ENABLE_OBJC_ARC = YES;
				CLANG_ENABLE_OBJC_WEAK = YES;
				CLANG_WARN_BLOCK_CAPTURE_AUTORELEASING = YES;
				CLANG_WARN_BOOL_CONVERSION = YES;
				CLANG_WARN_COMMA = YES;
				CLANG_WARN_CONSTANT_CONVERSION = YES;
				CLANG_WARN_DEPRECATED_OBJC_IMPLEMENTATIONS = YES;
				CLANG_WARN_DIRECT_OBJC_ISA_USAGE = YES_ERROR;
				CLANG_WARN_DOCUMENTATION_COMMENTS = YES;
				CLANG_WARN_EMPTY_BODY = YES;
				CLANG_WARN_ENUM_CONVERSION = YES;
				CLANG_WARN_INFINITE_RECURSION = YES;
				CLANG_WARN_INT_CONVERSION = YES;
				CLANG_WARN_NON_LITERAL_NULL_CONVERSION = YES;
				CLANG_WARN_OBJC_IMPLICIT_RETAIN_SELF = YES;
				CLANG_WARN_OBJC_LITERAL_CONVERSION = YES;
				CLANG_WARN_OBJC_ROOT_CLASS = YES_ERROR;
				CLANG_WARN_QUOTED_INCLUDE_IN_FRAMEWORK_HEADER = YES;
				CLANG_WARN_RANGE_LOOP_ANALYSIS = YES;
				CLANG_WARN_STRICT_PROTOTYPES = YES;
				CLANG_WARN_SUSPICIOUS_MOVE = YES;
				CLANG_WARN_UNGUARDED_AVAILABILITY = YES_AGGRESSIVE;
				CLANG_WARN_UNREACHABLE_CODE = YES;
				CLANG_WARN__DUPLICATE_METHOD_MATCH = YES;
				COPY_PHASE_STRIP = NO;
				DEBUG_INFORMATION_FORMAT = "dwarf-with-dsym";
				ENABLE_NS_ASSERTIONS = NO;
				ENABLE_STRICT_OBJC_MSGSEND = YES;
				GCC_C_LANGUAGE_STANDARD = gnu11;
				GCC_NO_COMMON_BLOCKS = YES;
				GCC_WARN_64_TO_32_BIT_CONVERSION = YES;
				GCC_WARN_ABOUT_RETURN_TYPE = YES_ERROR;
				GCC_WARN_UNDECLARED_SELECTOR = YES;
				GCC_WARN_UNINITIALIZED_AUTOS = YES_AGGRESSIVE;
				GCC_WARN_UNUSED_FUNCTION = YES;
				GCC_WARN_UNUSED_VARIABLE = YES;
				IPHONEOS_DEPLOYMENT_TARGET = 15.0;
				MTL_ENABLE_DEBUG_INFO = NO;
				MTL_FAST_MATH = YES;
				SDKROOT = iphoneos;
				SWIFT_COMPILATION_MODE = wholemodule;
				SWIFT_OPTIMIZATION_LEVEL = "-O";
				VALIDATE_PRODUCT = YES;
			};
			name = Release;
		};
		7576B948274E555600576B6B /* Debug */ = {
			isa = XCBuildConfiguration;
			buildSettings = {
				ASSETCATALOG_COMPILER_APPICON_NAME = AppIcon;
				ASSETCATALOG_COMPILER_GLOBAL_ACCENT_COLOR_NAME = AccentColor;
				CODE_SIGN_STYLE = Automatic;
				CURRENT_PROJECT_VERSION = 1;
				DEVELOPMENT_TEAM = 3NDPBHQ9PJ;
				GENERATE_INFOPLIST_FILE = YES;
				INFOPLIST_FILE = NetworkingTemplate/Info.plist;
				INFOPLIST_KEY_UIApplicationSupportsIndirectInputEvents = YES;
				INFOPLIST_KEY_UILaunchStoryboardName = LaunchScreen;
				INFOPLIST_KEY_UIMainStoryboardFile = Main;
				INFOPLIST_KEY_UISupportedInterfaceOrientations_iPad = "UIInterfaceOrientationPortrait UIInterfaceOrientationPortraitUpsideDown UIInterfaceOrientationLandscapeLeft UIInterfaceOrientationLandscapeRight";
				INFOPLIST_KEY_UISupportedInterfaceOrientations_iPhone = "UIInterfaceOrientationPortrait UIInterfaceOrientationLandscapeLeft UIInterfaceOrientationLandscapeRight";
				LD_RUNPATH_SEARCH_PATHS = (
					"$(inherited)",
					"@executable_path/Frameworks",
				);
				MARKETING_VERSION = 1.0;
				PRODUCT_BUNDLE_IDENTIFIER = ru.ArturDokhno.NetworkingTemplate;
				PRODUCT_NAME = "$(TARGET_NAME)";
				SWIFT_EMIT_LOC_STRINGS = YES;
				SWIFT_VERSION = 5.0;
				TARGETED_DEVICE_FAMILY = "1,2";
			};
			name = Debug;
		};
		7576B949274E555600576B6B /* Release */ = {
			isa = XCBuildConfiguration;
			buildSettings = {
				ASSETCATALOG_COMPILER_APPICON_NAME = AppIcon;
				ASSETCATALOG_COMPILER_GLOBAL_ACCENT_COLOR_NAME = AccentColor;
				CODE_SIGN_STYLE = Automatic;
				CURRENT_PROJECT_VERSION = 1;
				DEVELOPMENT_TEAM = 3NDPBHQ9PJ;
				GENERATE_INFOPLIST_FILE = YES;
				INFOPLIST_FILE = NetworkingTemplate/Info.plist;
				INFOPLIST_KEY_UIApplicationSupportsIndirectInputEvents = YES;
				INFOPLIST_KEY_UILaunchStoryboardName = LaunchScreen;
				INFOPLIST_KEY_UIMainStoryboardFile = Main;
				INFOPLIST_KEY_UISupportedInterfaceOrientations_iPad = "UIInterfaceOrientationPortrait UIInterfaceOrientationPortraitUpsideDown UIInterfaceOrientationLandscapeLeft UIInterfaceOrientationLandscapeRight";
				INFOPLIST_KEY_UISupportedInterfaceOrientations_iPhone = "UIInterfaceOrientationPortrait UIInterfaceOrientationLandscapeLeft UIInterfaceOrientationLandscapeRight";
				LD_RUNPATH_SEARCH_PATHS = (
					"$(inherited)",
					"@executable_path/Frameworks",
				);
				MARKETING_VERSION = 1.0;
				PRODUCT_BUNDLE_IDENTIFIER = ru.ArturDokhno.NetworkingTemplate;
				PRODUCT_NAME = "$(TARGET_NAME)";
				SWIFT_EMIT_LOC_STRINGS = YES;
				SWIFT_VERSION = 5.0;
				TARGETED_DEVICE_FAMILY = "1,2";
			};
			name = Release;
		};
/* End XCBuildConfiguration section */

/* Begin XCConfigurationList section */
		7576B92E274E555500576B6B /* Build configuration list for PBXProject "NetworkingTemplate" */ = {
			isa = XCConfigurationList;
			buildConfigurations = (
				7576B945274E555600576B6B /* Debug */,
				7576B946274E555600576B6B /* Release */,
			);
			defaultConfigurationIsVisible = 0;
			defaultConfigurationName = Release;
		};
		7576B947274E555600576B6B /* Build configuration list for PBXNativeTarget "NetworkingTemplate" */ = {
			isa = XCConfigurationList;
			buildConfigurations = (
				7576B948274E555600576B6B /* Debug */,
				7576B949274E555600576B6B /* Release */,
			);
			defaultConfigurationIsVisible = 0;
			defaultConfigurationName = Release;
		};
/* End XCConfigurationList section */

/* Begin XCRemoteSwiftPackageReference section */
		758646F9274EA03200A5B735 /* XCRemoteSwiftPackageReference "PromiseKit" */ = {
			isa = XCRemoteSwiftPackageReference;
			repositoryURL = "https://github.com/mxcl/PromiseKit";
			requirement = {
				branch = v6;
				kind = branch;
			};
		};
		758646FC274EA03900A5B735 /* XCRemoteSwiftPackageReference "Alamofire" */ = {
			isa = XCRemoteSwiftPackageReference;
			repositoryURL = "https://github.com/Alamofire/Alamofire";
			requirement = {
				branch = master;
				kind = branch;
			};
		};
/* End XCRemoteSwiftPackageReference section */

/* Begin XCSwiftPackageProductDependency section */
		758646FA274EA03200A5B735 /* PromiseKit */ = {
			isa = XCSwiftPackageProductDependency;
			package = 758646F9274EA03200A5B735 /* XCRemoteSwiftPackageReference "PromiseKit" */;
			productName = PromiseKit;
		};
		758646FD274EA03900A5B735 /* Alamofire */ = {
			isa = XCSwiftPackageProductDependency;
			package = 758646FC274EA03900A5B735 /* XCRemoteSwiftPackageReference "Alamofire" */;
			productName = Alamofire;
		};
/* End XCSwiftPackageProductDependency section */
	};
	rootObject = 7576B92B274E555500576B6B /* Project object */;
}
